{
  "name": "sv-quickstart",
  "version": "1.0.0",
  "lockfileVersion": 3,
  "requires": true,
  "packages": {
    "": {
      "version": "1.0.0",
      "license": "AGPL-version-3.0",
      "dependencies": {
        "secretvaults": "^0.0.0-alpha.1"
      },
      "devDependencies": {},
      "engines": {
        "node": ">= 14.0.0",
        "npm": ">= 6.0.0"
      }
    },
    "node_modules/@multiformats/base-x": {
      "version": "4.0.1",
      "resolved": "https://registry.npmjs.org/@multiformats/base-x/-/base-x-4.0.1.tgz",
      "integrity": "sha512-eMk0b9ReBbV23xXU693TAIrLyeO5iTgBZGSJfpqriG8UkYvr/hC9u9pyMlAakDNHWmbhMZCDs6KQO0jzKD8OTw==",
      "license": "MIT"
    },
    "node_modules/@nillion/nilql": {
      "version": "0.0.0-alpha.12",
      "resolved": "https://registry.npmjs.org/@nillion/nilql/-/nilql-0.0.0-alpha.12.tgz",
      "integrity": "sha512-+pi5ELxeAMBC8eYuv29Wn1n1ijhgHF/fRPuV1iAmNb8ki3dUVN5uIT64PD//Q4rZIe693wUI9w3Q5JDvV+52Bw==",
      "license": "MIT",
      "dependencies": {
        "bigint-crypto-utils": "^3.3.0",
        "libsodium-wrappers-sumo": "^0.7.15",
        "paillier-bigint": "^3.4.3"
      },
      "engines": {
        "node": ">=20"
      }
    },
    "node_modules/@noble/ciphers": {
      "version": "1.2.1",
      "resolved": "https://registry.npmjs.org/@noble/ciphers/-/ciphers-1.2.1.tgz",
      "integrity": "sha512-rONPWMC7PeExE077uLE4oqWrZ1IvAfz3oH9LibVAcVCopJiA9R62uavnbEzdkVmJYI6M6Zgkbeb07+tWjlq2XA==",
      "license": "MIT",
      "engines": {
        "node": "^14.21.3 || >=16"
      },
      "funding": {
        "url": "https://paulmillr.com/funding/"
      }
    },
    "node_modules/@noble/curves": {
      "version": "1.8.1",
      "resolved": "https://registry.npmjs.org/@noble/curves/-/curves-1.8.1.tgz",
      "integrity": "sha512-warwspo+UYUPep0Q+vtdVB4Ugn8GGQj8iyB3gnRWsztmUHTI3S1nhdiWNsPUGL0vud7JlRRk1XEu7Lq1KGTnMQ==",
      "license": "MIT",
      "dependencies": {
        "@noble/hashes": "1.7.1"
      },
      "engines": {
        "node": "^14.21.3 || >=16"
      },
      "funding": {
        "url": "https://paulmillr.com/funding/"
      }
    },
    "node_modules/@noble/hashes": {
      "version": "1.7.1",
      "resolved": "https://registry.npmjs.org/@noble/hashes/-/hashes-1.7.1.tgz",
      "integrity": "sha512-B8XBPsn4vT/KJAGqDzbwztd+6Yte3P4V7iafm24bxgDe/mlRuK6xmWPuCNrKt2vDafZ8MfJLlchDG/vYafQEjQ==",
      "license": "MIT",
      "engines": {
        "node": "^14.21.3 || >=16"
      },
      "funding": {
        "url": "https://paulmillr.com/funding/"
      }
    },
    "node_modules/@scure/base": {
      "version": "1.2.4",
      "resolved": "https://registry.npmjs.org/@scure/base/-/base-1.2.4.tgz",
      "integrity": "sha512-5Yy9czTO47mqz+/J8GM6GIId4umdCk1wc1q8rKERQulIoc8VP9pzDcghv10Tl2E7R96ZUx/PhND3ESYUQX8NuQ==",
      "license": "MIT",
      "funding": {
        "url": "https://paulmillr.com/funding/"
      }
    },
    "node_modules/bigint-crypto-utils": {
      "version": "3.3.0",
      "resolved": "https://registry.npmjs.org/bigint-crypto-utils/-/bigint-crypto-utils-3.3.0.tgz",
      "integrity": "sha512-jOTSb+drvEDxEq6OuUybOAv/xxoh3cuYRUIPyu8sSHQNKM303UQ2R1DAo45o1AkcIXw6fzbaFI1+xGGdaXs2lg==",
      "license": "MIT",
      "engines": {
        "node": ">=14.0.0"
      }
    },
    "node_modules/canonicalize": {
      "version": "2.1.0",
      "resolved": "https://registry.npmjs.org/canonicalize/-/canonicalize-2.1.0.tgz",
      "integrity": "sha512-F705O3xrsUtgt98j7leetNhTWPe+5S72rlL5O4jA1pKqBVQ/dT1O1D6PFxmSXvc0SUOinWS57DKx0I3CHrXJHQ==",
      "license": "Apache-2.0",
      "bin": {
        "canonicalize": "bin/canonicalize.js"
      }
    },
    "node_modules/did-jwt": {
      "version": "8.0.9",
      "resolved": "https://registry.npmjs.org/did-jwt/-/did-jwt-8.0.9.tgz",
      "integrity": "sha512-Tc2wdkGwAyqiL1oYZvdIJ4k/LcrUpJIcXEQNb/yyegY9/CPeeXEbwsgg8BDAaoYdaDFknyFolLZb+Sp9uU1U5w==",
      "license": "Apache-2.0",
      "dependencies": {
        "@noble/ciphers": "^1.0.0",
        "@noble/curves": "^1.0.0",
        "@noble/hashes": "^1.3.0",
        "@scure/base": "^1.1.3",
        "canonicalize": "^2.0.0",
        "did-resolver": "^4.1.0",
        "multibase": "^4.0.6",
        "multiformats": "^9.6.2",
        "uint8arrays": "3.1.1"
      }
    },
    "node_modules/did-resolver": {
      "version": "4.1.0",
      "resolved": "https://registry.npmjs.org/did-resolver/-/did-resolver-4.1.0.tgz",
      "integrity": "sha512-S6fWHvCXkZg2IhS4RcVHxwuyVejPR7c+a4Go0xbQ9ps5kILa8viiYQgrM4gfTyeTjJ0ekgJH9gk/BawTpmkbZA==",
      "license": "Apache-2.0"
    },
    "node_modules/dotenv": {
      "version": "16.4.7",
      "resolved": "https://registry.npmjs.org/dotenv/-/dotenv-16.4.7.tgz",
      "integrity": "sha512-47qPchRCykZC03FhkYAhrvwU4xDBFIj1QPqaarj6mdM/hgUzfPHcpkHJOn3mJAufFeeAxAzeGsr5X0M4k6fLZQ==",
      "license": "BSD-2-Clause",
      "engines": {
        "node": ">=12"
      },
      "funding": {
        "url": "https://dotenvx.com"
      }
    },
    "node_modules/libsodium-sumo": {
      "version": "0.7.15",
      "resolved": "https://registry.npmjs.org/libsodium-sumo/-/libsodium-sumo-0.7.15.tgz",
      "integrity": "sha512-5tPmqPmq8T8Nikpm1Nqj0hBHvsLFCXvdhBFV7SGOitQPZAA6jso8XoL0r4L7vmfKXr486fiQInvErHtEvizFMw==",
      "license": "ISC"
    },
    "node_modules/libsodium-wrappers-sumo": {
      "version": "0.7.15",
      "resolved": "https://registry.npmjs.org/libsodium-wrappers-sumo/-/libsodium-wrappers-sumo-0.7.15.tgz",
      "integrity": "sha512-aSWY8wKDZh5TC7rMvEdTHoyppVq/1dTSAeAR7H6pzd6QRT3vQWcT5pGwCotLcpPEOLXX6VvqihSPkpEhYAjANA==",
      "license": "ISC",
      "dependencies": {
        "libsodium-sumo": "^0.7.15"
      }
    },
    "node_modules/multibase": {
      "version": "4.0.6",
      "resolved": "https://registry.npmjs.org/multibase/-/multibase-4.0.6.tgz",
      "integrity": "sha512-x23pDe5+svdLz/k5JPGCVdfn7Q5mZVMBETiC+ORfO+sor9Sgs0smJzAjfTbM5tckeCqnaUuMYoz+k3RXMmJClQ==",
      "deprecated": "This module has been superseded by the multiformats module",
      "license": "MIT",
      "dependencies": {
        "@multiformats/base-x": "^4.0.1"
      },
      "engines": {
        "node": ">=12.0.0",
        "npm": ">=6.0.0"
      }
    },
    "node_modules/multiformats": {
      "version": "9.9.0",
      "resolved": "https://registry.npmjs.org/multiformats/-/multiformats-9.9.0.tgz",
      "integrity": "sha512-HoMUjhH9T8DDBNT+6xzkrd9ga/XiBI4xLr58LJACwK6G3HTOPeMz4nB4KJs33L2BelrIJa7P0VuNaVF3hMYfjg==",
      "license": "(Apache-2.0 AND MIT)"
    },
    "node_modules/paillier-bigint": {
      "version": "3.4.3",
      "resolved": "https://registry.npmjs.org/paillier-bigint/-/paillier-bigint-3.4.3.tgz",
      "integrity": "sha512-82otV7H/gBiQeYjsmc/Zo029GoJDnAFyoMWQMsUgfya50W8dYRVgvUR/lHO0yrS7MfMwgE8fCeEIBF0IucLYFw==",
      "license": "MIT",
      "dependencies": {
        "bigint-crypto-utils": "^3.3.0"
      },
      "engines": {
        "node": ">=12"
      }
    },
    "node_modules/secretvaults": {
      "version": "0.0.0-alpha.1",
      "resolved": "https://registry.npmjs.org/secretvaults/-/secretvaults-0.0.0-alpha.1.tgz",
      "integrity": "sha512-NFVo5mdawapGmAa4OZMXgw7Mt4oT+eN4h5ZEe83uDa9gylnruy+vnFF9kgi3YXVNxGI9ma4sM2fC+lcLbuL1hw==",
      "license": "MIT",
      "dependencies": {
        "@nillion/nilql": "^0.0.0-alpha.12",
        "did-jwt": "^8.0.6",
        "dotenv": "^16.4.7",
        "uuid": "^11.0.5"
      }
    },
    "node_modules/uint8arrays": {
      "version": "3.1.1",
      "resolved": "https://registry.npmjs.org/uint8arrays/-/uint8arrays-3.1.1.tgz",
      "integrity": "sha512-+QJa8QRnbdXVpHYjLoTpJIdCTiw9Ir62nocClWuXIq2JIh4Uta0cQsTSpFL678p2CN8B+XSApwcU+pQEqVpKWg==",
      "license": "MIT",
      "dependencies": {
        "multiformats": "^9.4.2"
      }
    },
    "node_modules/uuid": {
      "version": "11.1.0",
      "resolved": "https://registry.npmjs.org/uuid/-/uuid-11.1.0.tgz",
      "integrity": "sha512-0/A9rDy9P7cJ+8w1c9WD9V//9Wj15Ce2MPz8Ri6032usz+NfePxx5AcN3bN+r6ZL6jEo066/yNYB3tn4pQEx+A==",
      "funding": [
        "https://github.com/sponsors/broofa",
        "https://github.com/sponsors/ctavan"
      ],
      "license": "MIT",
      "bin": {
        "uuid": "dist/esm/bin/uuid"
      }
    }
  }
}
